
Microsoft Visual Studio Solution File, Format Version 12.00
# Visual Studio Version 17
VisualStudioVersion = 17.4.33213.308
MinimumVisualStudioVersion = 10.0.40219.1
Project("{FAE04EC0-301F-11D3-BF4B-00C04F79EFBC}") = "Tarea de matrizes", "Tarea de matrizes\Tarea de matrizes.csproj", "{20A926C6-0BBD-4E13-BCCC-F2B782BE022D}"
EndProject
Global
	GlobalSection(SolutionConfigurationPlatforms) = preSolution
		Debug|Any CPU = Debug|Any CPU
		Release|Any CPU = Release|Any CPU
	EndGlobalSection
	GlobalSection(ProjectConfigurationPlatforms) = postSolution
		{20A926C6-0BBD-4E13-BCCC-F2B782BE022D}.Debug|Any CPU.ActiveCfg = Debug|Any CPU
		{20A926C6-0BBD-4E13-BCCC-F2B782BE022D}.Debug|Any CPU.Build.0 = Debug|Any CPU
		{20A926C6-0BBD-4E13-BCCC-F2B782BE022D}.Release|Any CPU.ActiveCfg = Release|Any CPU
		{20A926C6-0BBD-4E13-BCCC-F2B782BE022D}.Release|Any CPU.Build.0 = Release|Any CPU
	EndGlobalSection
	GlobalSection(SolutionProperties) = preSolution
		HideSolutionNode = FALSE
	EndGlobalSection
	GlobalSection(ExtensibilityGlobals) = postSolution
		SolutionGuid = {15BEAF58-913C-413F-9A84-B4830649C86C}
	EndGlobalSection
EndGlobal
